
Microsoft Visual Studio Solution File, Format Version 12.00
# Visual Studio Version 17
VisualStudioVersion = 17.10.35027.167
MinimumVisualStudioVersion = 10.0.40219.1
Project("{9A19103F-16F7-4668-BE54-9A1E7A4F7556}") = "GameShop", "GameShop\GameShop.csproj", "{D575E768-5CB1-400E-9C84-58532182AF00}"
EndProject
Project("{9A19103F-16F7-4668-BE54-9A1E7A4F7556}") = "GameShopModel", "GameShopModel\GameShopModel.csproj", "{8D96C499-2295-4233-B2B5-DF1C99BB7EFB}"
EndProject
Project("{FAE04EC0-301F-11D3-BF4B-00C04F79EFBC}") = "GameShop.Repository", "GameShop.Repository\GameShop.Repository.csproj", "{7D4C7457-DFBC-4624-B2DF-51A36E7063F8}"
EndProject
Global
	GlobalSection(SolutionConfigurationPlatforms) = preSolution
		Debug|Any CPU = Debug|Any CPU
		Release|Any CPU = Release|Any CPU
	EndGlobalSection
	GlobalSection(ProjectConfigurationPlatforms) = postSolution
		{D575E768-5CB1-400E-9C84-58532182AF00}.Debug|Any CPU.ActiveCfg = Debug|Any CPU
		{D575E768-5CB1-400E-9C84-58532182AF00}.Debug|Any CPU.Build.0 = Debug|Any CPU
		{D575E768-5CB1-400E-9C84-58532182AF00}.Release|Any CPU.ActiveCfg = Release|Any CPU
		{D575E768-5CB1-400E-9C84-58532182AF00}.Release|Any CPU.Build.0 = Release|Any CPU
		{8D96C499-2295-4233-B2B5-DF1C99BB7EFB}.Debug|Any CPU.ActiveCfg = Debug|Any CPU
		{8D96C499-2295-4233-B2B5-DF1C99BB7EFB}.Debug|Any CPU.Build.0 = Debug|Any CPU
		{8D96C499-2295-4233-B2B5-DF1C99BB7EFB}.Release|Any CPU.ActiveCfg = Release|Any CPU
		{8D96C499-2295-4233-B2B5-DF1C99BB7EFB}.Release|Any CPU.Build.0 = Release|Any CPU
		{7D4C7457-DFBC-4624-B2DF-51A36E7063F8}.Debug|Any CPU.ActiveCfg = Debug|Any CPU
		{7D4C7457-DFBC-4624-B2DF-51A36E7063F8}.Debug|Any CPU.Build.0 = Debug|Any CPU
		{7D4C7457-DFBC-4624-B2DF-51A36E7063F8}.Release|Any CPU.ActiveCfg = Release|Any CPU
		{7D4C7457-DFBC-4624-B2DF-51A36E7063F8}.Release|Any CPU.Build.0 = Release|Any CPU
	EndGlobalSection
	GlobalSection(SolutionProperties) = preSolution
		HideSolutionNode = FALSE
	EndGlobalSection
	GlobalSection(ExtensibilityGlobals) = postSolution
		SolutionGuid = {87E072FD-023F-4D4A-9598-6E6C0B385D37}
	EndGlobalSection
EndGlobal
